
Microsoft Visual Studio Solution File, Format Version 12.00
# Visual Studio Version 17
VisualStudioVersion = 17.12.35514.174
MinimumVisualStudioVersion = 10.0.40219.1
Project("{2150E333-8FDC-42A3-9474-1A3956D46DE8}") = "Services", "Services", "{46FA1DC8-EDD0-4CC8-A9C8-85E8C5DF6A4F}"
EndProject
Project("{2150E333-8FDC-42A3-9474-1A3956D46DE8}") = "Catalog", "Catalog", "{2D9F5A5D-FF85-4113-A03C-4AE80B0EE301}"
EndProject
Project("{FAE04EC0-301F-11D3-BF4B-00C04F79EFBC}") = "MultiShop.Catalog", "Services\Catalog\MultiShop.Catalog\MultiShop.Catalog.csproj", "{5437A966-F353-4B62-BB58-80D990259864}"
EndProject
Project("{2150E333-8FDC-42A3-9474-1A3956D46DE8}") = "Discount", "Discount", "{FDF3C462-9C76-4DA8-9B60-0354E7B429EB}"
EndProject
Project("{FAE04EC0-301F-11D3-BF4B-00C04F79EFBC}") = "MultiShop.Discount", "Services\Discount\MultiShop.Discount\MultiShop.Discount.csproj", "{1A4CA1F1-6EA6-4393-B2AF-79867E962A71}"
EndProject
Project("{2150E333-8FDC-42A3-9474-1A3956D46DE8}") = "Order", "Order", "{B6F37E63-3EBC-4B98-A475-9020E8A0F489}"
EndProject
Project("{2150E333-8FDC-42A3-9474-1A3956D46DE8}") = "Core", "Core", "{13910CAB-640B-4FE9-9C63-4C38A70B8873}"
EndProject
Project("{2150E333-8FDC-42A3-9474-1A3956D46DE8}") = "Infrastructure", "Infrastructure", "{5526A75A-332C-40BE-A215-EED411E440EC}"
EndProject
Project("{2150E333-8FDC-42A3-9474-1A3956D46DE8}") = "Presentation", "Presentation", "{0F06BC9C-F69F-4FC2-978C-317E3E154D5C}"
EndProject
Project("{FAE04EC0-301F-11D3-BF4B-00C04F79EFBC}") = "MultiShop.Order.Domain", "Services\Order\Core\MultiShop.Order.Domain\MultiShop.Order.Domain.csproj", "{9F7D8CE9-269B-430B-BE6D-E91968154FB1}"
EndProject
Project("{FAE04EC0-301F-11D3-BF4B-00C04F79EFBC}") = "MultiShop.Order.Application", "Services\Order\Core\MultiShop.Order.Application\MultiShop.Order.Application.csproj", "{060170E2-CAAF-4122-B55A-F0E94B542E5F}"
EndProject
Project("{FAE04EC0-301F-11D3-BF4B-00C04F79EFBC}") = "MultiShop.Order.Persistence", "Services\Order\Infrastructure\MultiShop.Order.Persistence\MultiShop.Order.Persistence.csproj", "{E3224264-BCC2-47E8-BDE9-E195D343D24F}"
EndProject
Project("{FAE04EC0-301F-11D3-BF4B-00C04F79EFBC}") = "MultiShop.Order.WebApi", "Services\Order\Presentation\MultiShop.Order.WebApi\MultiShop.Order.WebApi.csproj", "{032A8FA9-48F1-4C03-9F58-BEE6139F5EA0}"
EndProject
Project("{2150E333-8FDC-42A3-9474-1A3956D46DE8}") = "IdentityServer", "IdentityServer", "{E9C3C40F-A694-4BDF-9001-84709C3AC637}"
EndProject
Project("{FAE04EC0-301F-11D3-BF4B-00C04F79EFBC}") = "MultiShop.IdentityServer", "IdentityServer\MultiShop.IdentityServer\MultiShop.IdentityServer.csproj", "{64C7197A-3373-4CB9-9EE3-8BD6D3027C6F}"
EndProject
Project("{2150E333-8FDC-42A3-9474-1A3956D46DE8}") = "Requirements", "Requirements", "{CEC59680-5FE4-4286-8929-543E68403A90}"
	ProjectSection(SolutionItems) = preProject
		..\..\..\OneDrive\Desktop\MultiShop-master\MultiShop-master\Card.txt = ..\..\..\OneDrive\Desktop\MultiShop-master\MultiShop-master\Card.txt
		..\..\..\OneDrive\Desktop\MultiShop-master\MultiShop-master\Card2.txt = ..\..\..\OneDrive\Desktop\MultiShop-master\MultiShop-master\Card2.txt
		..\..\..\OneDrive\Desktop\MultiShop-master\MultiShop-master\FontAwesomeLink.txt = ..\..\..\OneDrive\Desktop\MultiShop-master\MultiShop-master\FontAwesomeLink.txt
		IdentityServerVersionErrorSolution.txt = IdentityServerVersionErrorSolution.txt
		LoginIndex.txt = LoginIndex.txt
		OcelotCodeExample.txt = OcelotCodeExample.txt
		..\..\..\OneDrive\Desktop\MultiShop-master\MultiShop-master\OcelotLink.txt = ..\..\..\OneDrive\Desktop\MultiShop-master\MultiShop-master\OcelotLink.txt
		..\..\..\OneDrive\Desktop\MultiShop-master\MultiShop-master\OrderHtml.txt = ..\..\..\OneDrive\Desktop\MultiShop-master\MultiShop-master\OrderHtml.txt
		PortainerCmd.txt = PortainerCmd.txt
		PortNumber.txt = PortNumber.txt
		..\..\..\OneDrive\Desktop\MultiShop-master\MultiShop-master\SimpleCode.txt = ..\..\..\OneDrive\Desktop\MultiShop-master\MultiShop-master\SimpleCode.txt
		UserExample.txt = UserExample.txt
	EndProjectSection
EndProject
Project("{2150E333-8FDC-42A3-9474-1A3956D46DE8}") = "Cargo", "Cargo", "{9EC689F6-64C4-4420-BC70-E9790F499802}"
EndProject
Project("{FAE04EC0-301F-11D3-BF4B-00C04F79EFBC}") = "MultiShop.Cargo.EntityLayer", "Services\Cargo\MultiShop.Cargo.EntityLayer\MultiShop.Cargo.EntityLayer.csproj", "{ABBA2DEE-A4BB-452A-9B99-919E6FBB7E93}"
EndProject
Project("{FAE04EC0-301F-11D3-BF4B-00C04F79EFBC}") = "MultiShop.Cargo.BusinessLayer", "Services\Cargo\MultiShop.Cargo.BusinessLayer\MultiShop.Cargo.BusinessLayer.csproj", "{1810AF5D-26F9-41CD-8773-492BAC633A1B}"
EndProject
Project("{FAE04EC0-301F-11D3-BF4B-00C04F79EFBC}") = "MultiShop.Cargo.DataAccessLayer", "Services\Cargo\MultiShop.Cargo.DataAccessLayer\MultiShop.Cargo.DataAccessLayer.csproj", "{1BFCE103-4BD1-4C9F-8A32-17AAACE52543}"
EndProject
Project("{FAE04EC0-301F-11D3-BF4B-00C04F79EFBC}") = "MultiShop.Cargo.DtoLayer", "Services\Cargo\MultiShop.Cargo.DtoLayer\MultiShop.Cargo.DtoLayer.csproj", "{39F7DD2E-1AC1-4B77-87AF-34AF5943C130}"
EndProject
Project("{FAE04EC0-301F-11D3-BF4B-00C04F79EFBC}") = "MultiShop.Cargo.WebApi", "Services\Cargo\MultiShop.Cargo.WebApi\MultiShop.Cargo.WebApi.csproj", "{D2A8C7B7-26E6-4F82-B7E1-99D7A1D632F9}"
EndProject
Project("{2150E333-8FDC-42A3-9474-1A3956D46DE8}") = "Basket", "Basket", "{469008F3-B7E8-49BF-9E04-5BC4CEF25397}"
EndProject
Project("{FAE04EC0-301F-11D3-BF4B-00C04F79EFBC}") = "MultiShop.Basket", "Services\Basket\MultiShop.Basket\MultiShop.Basket.csproj", "{46631DA7-1923-4F35-A166-97589371D68F}"
EndProject
Project("{2150E333-8FDC-42A3-9474-1A3956D46DE8}") = "Frontends", "Frontends", "{1E746638-EC2A-4BB5-80D7-44F0A358D373}"
EndProject
Project("{FAE04EC0-301F-11D3-BF4B-00C04F79EFBC}") = "MultiShop.WebUI", "Frontends\MultiShop.WebUI\MultiShop.WebUI.csproj", "{92B03B17-4290-4977-A2B5-545AD7C0D7B1}"
EndProject
Project("{FAE04EC0-301F-11D3-BF4B-00C04F79EFBC}") = "MultiShop.DtoLayer", "Frontends\MultiShop.DtoLayer\MultiShop.DtoLayer.csproj", "{03A2F15D-F296-4CE7-984E-42820B359A60}"
EndProject
Project("{2150E333-8FDC-42A3-9474-1A3956D46DE8}") = "Comment", "Comment", "{11DAD801-9BFC-45D7-A834-B9D4CEBCFD0D}"
EndProject
Project("{FAE04EC0-301F-11D3-BF4B-00C04F79EFBC}") = "MultiShop.Comment", "Services\Comment\MultiShop.Comment\MultiShop.Comment.csproj", "{5F6756B3-FD27-42B5-9D85-565C71A6155A}"
EndProject
Project("{2150E333-8FDC-42A3-9474-1A3956D46DE8}") = "ApiGateway", "ApiGateway", "{8B1BB27E-D8AB-4082-A894-E6CC701569BD}"
EndProject
Project("{2150E333-8FDC-42A3-9474-1A3956D46DE8}") = "RapidApi", "RapidApi", "{9D09AC40-A638-4398-B75F-156EAEDDB179}"
EndProject
Project("{FAE04EC0-301F-11D3-BF4B-00C04F79EFBC}") = "MultiShop.OcelotGateway", "ApiGateway\MultiShop.OcelotGateway\MultiShop.OcelotGateway.csproj", "{AE82BD4E-06EC-427E-B972-4A011258FB08}"
EndProject
Project("{2150E333-8FDC-42A3-9474-1A3956D46DE8}") = "Payment", "Payment", "{297FA562-3700-44B4-9E66-628A7406A8F8}"
EndProject
Project("{FAE04EC0-301F-11D3-BF4B-00C04F79EFBC}") = "MultiShop.Payment", "Services\Payment\MultiShop.Payment\MultiShop.Payment.csproj", "{24020A39-C7CF-4DDA-A8AB-7FC6F7758340}"
EndProject
Project("{2150E333-8FDC-42A3-9474-1A3956D46DE8}") = "Images", "Images", "{09D2764C-61F9-4973-89A9-8EAD5DBE3D08}"
EndProject
Project("{FAE04EC0-301F-11D3-BF4B-00C04F79EFBC}") = "MultiShop.Images", "Services\Images\MultiShop.Images\MultiShop.Images.csproj", "{E67B9644-8AF7-47F8-BE09-06B35258C59E}"
EndProject
Project("{2150E333-8FDC-42A3-9474-1A3956D46DE8}") = "Message", "Message", "{1C4347DE-1AC6-4D31-B6E7-E1A06B905F5B}"
EndProject
Project("{FAE04EC0-301F-11D3-BF4B-00C04F79EFBC}") = "MultiShop.Message", "Services\Message\MultiShop.Message\MultiShop.Message.csproj", "{9D61FB08-E1A3-4DA8-A21A-A86CCBB37CF2}"
EndProject
Global
	GlobalSection(SolutionConfigurationPlatforms) = preSolution
		Debug|Any CPU = Debug|Any CPU
		Release|Any CPU = Release|Any CPU
	EndGlobalSection
	GlobalSection(ProjectConfigurationPlatforms) = postSolution
		{5437A966-F353-4B62-BB58-80D990259864}.Debug|Any CPU.ActiveCfg = Debug|Any CPU
		{5437A966-F353-4B62-BB58-80D990259864}.Debug|Any CPU.Build.0 = Debug|Any CPU
		{5437A966-F353-4B62-BB58-80D990259864}.Release|Any CPU.ActiveCfg = Release|Any CPU
		{5437A966-F353-4B62-BB58-80D990259864}.Release|Any CPU.Build.0 = Release|Any CPU
		{1A4CA1F1-6EA6-4393-B2AF-79867E962A71}.Debug|Any CPU.ActiveCfg = Debug|Any CPU
		{1A4CA1F1-6EA6-4393-B2AF-79867E962A71}.Debug|Any CPU.Build.0 = Debug|Any CPU
		{1A4CA1F1-6EA6-4393-B2AF-79867E962A71}.Release|Any CPU.ActiveCfg = Release|Any CPU
		{1A4CA1F1-6EA6-4393-B2AF-79867E962A71}.Release|Any CPU.Build.0 = Release|Any CPU
		{9F7D8CE9-269B-430B-BE6D-E91968154FB1}.Debug|Any CPU.ActiveCfg = Debug|Any CPU
		{9F7D8CE9-269B-430B-BE6D-E91968154FB1}.Debug|Any CPU.Build.0 = Debug|Any CPU
		{9F7D8CE9-269B-430B-BE6D-E91968154FB1}.Release|Any CPU.ActiveCfg = Release|Any CPU
		{9F7D8CE9-269B-430B-BE6D-E91968154FB1}.Release|Any CPU.Build.0 = Release|Any CPU
		{060170E2-CAAF-4122-B55A-F0E94B542E5F}.Debug|Any CPU.ActiveCfg = Debug|Any CPU
		{060170E2-CAAF-4122-B55A-F0E94B542E5F}.Debug|Any CPU.Build.0 = Debug|Any CPU
		{060170E2-CAAF-4122-B55A-F0E94B542E5F}.Release|Any CPU.ActiveCfg = Release|Any CPU
		{060170E2-CAAF-4122-B55A-F0E94B542E5F}.Release|Any CPU.Build.0 = Release|Any CPU
		{E3224264-BCC2-47E8-BDE9-E195D343D24F}.Debug|Any CPU.ActiveCfg = Debug|Any CPU
		{E3224264-BCC2-47E8-BDE9-E195D343D24F}.Debug|Any CPU.Build.0 = Debug|Any CPU
		{E3224264-BCC2-47E8-BDE9-E195D343D24F}.Release|Any CPU.ActiveCfg = Release|Any CPU
		{E3224264-BCC2-47E8-BDE9-E195D343D24F}.Release|Any CPU.Build.0 = Release|Any CPU
		{032A8FA9-48F1-4C03-9F58-BEE6139F5EA0}.Debug|Any CPU.ActiveCfg = Debug|Any CPU
		{032A8FA9-48F1-4C03-9F58-BEE6139F5EA0}.Debug|Any CPU.Build.0 = Debug|Any CPU
		{032A8FA9-48F1-4C03-9F58-BEE6139F5EA0}.Release|Any CPU.ActiveCfg = Release|Any CPU
		{032A8FA9-48F1-4C03-9F58-BEE6139F5EA0}.Release|Any CPU.Build.0 = Release|Any CPU
		{64C7197A-3373-4CB9-9EE3-8BD6D3027C6F}.Debug|Any CPU.ActiveCfg = Debug|Any CPU
		{64C7197A-3373-4CB9-9EE3-8BD6D3027C6F}.Debug|Any CPU.Build.0 = Debug|Any CPU
		{64C7197A-3373-4CB9-9EE3-8BD6D3027C6F}.Release|Any CPU.ActiveCfg = Release|Any CPU
		{64C7197A-3373-4CB9-9EE3-8BD6D3027C6F}.Release|Any CPU.Build.0 = Release|Any CPU
		{ABBA2DEE-A4BB-452A-9B99-919E6FBB7E93}.Debug|Any CPU.ActiveCfg = Debug|Any CPU
		{ABBA2DEE-A4BB-452A-9B99-919E6FBB7E93}.Debug|Any CPU.Build.0 = Debug|Any CPU
		{ABBA2DEE-A4BB-452A-9B99-919E6FBB7E93}.Release|Any CPU.ActiveCfg = Release|Any CPU
		{ABBA2DEE-A4BB-452A-9B99-919E6FBB7E93}.Release|Any CPU.Build.0 = Release|Any CPU
		{1810AF5D-26F9-41CD-8773-492BAC633A1B}.Debug|Any CPU.ActiveCfg = Debug|Any CPU
		{1810AF5D-26F9-41CD-8773-492BAC633A1B}.Debug|Any CPU.Build.0 = Debug|Any CPU
		{1810AF5D-26F9-41CD-8773-492BAC633A1B}.Release|Any CPU.ActiveCfg = Release|Any CPU
		{1810AF5D-26F9-41CD-8773-492BAC633A1B}.Release|Any CPU.Build.0 = Release|Any CPU
		{1BFCE103-4BD1-4C9F-8A32-17AAACE52543}.Debug|Any CPU.ActiveCfg = Debug|Any CPU
		{1BFCE103-4BD1-4C9F-8A32-17AAACE52543}.Debug|Any CPU.Build.0 = Debug|Any CPU
		{1BFCE103-4BD1-4C9F-8A32-17AAACE52543}.Release|Any CPU.ActiveCfg = Release|Any CPU
		{1BFCE103-4BD1-4C9F-8A32-17AAACE52543}.Release|Any CPU.Build.0 = Release|Any CPU
		{39F7DD2E-1AC1-4B77-87AF-34AF5943C130}.Debug|Any CPU.ActiveCfg = Debug|Any CPU
		{39F7DD2E-1AC1-4B77-87AF-34AF5943C130}.Debug|Any CPU.Build.0 = Debug|Any CPU
		{39F7DD2E-1AC1-4B77-87AF-34AF5943C130}.Release|Any CPU.ActiveCfg = Release|Any CPU
		{39F7DD2E-1AC1-4B77-87AF-34AF5943C130}.Release|Any CPU.Build.0 = Release|Any CPU
		{D2A8C7B7-26E6-4F82-B7E1-99D7A1D632F9}.Debug|Any CPU.ActiveCfg = Debug|Any CPU
		{D2A8C7B7-26E6-4F82-B7E1-99D7A1D632F9}.Debug|Any CPU.Build.0 = Debug|Any CPU
		{D2A8C7B7-26E6-4F82-B7E1-99D7A1D632F9}.Release|Any CPU.ActiveCfg = Release|Any CPU
		{D2A8C7B7-26E6-4F82-B7E1-99D7A1D632F9}.Release|Any CPU.Build.0 = Release|Any CPU
		{46631DA7-1923-4F35-A166-97589371D68F}.Debug|Any CPU.ActiveCfg = Debug|Any CPU
		{46631DA7-1923-4F35-A166-97589371D68F}.Debug|Any CPU.Build.0 = Debug|Any CPU
		{46631DA7-1923-4F35-A166-97589371D68F}.Release|Any CPU.ActiveCfg = Release|Any CPU
		{46631DA7-1923-4F35-A166-97589371D68F}.Release|Any CPU.Build.0 = Release|Any CPU
		{92B03B17-4290-4977-A2B5-545AD7C0D7B1}.Debug|Any CPU.ActiveCfg = Debug|Any CPU
		{92B03B17-4290-4977-A2B5-545AD7C0D7B1}.Debug|Any CPU.Build.0 = Debug|Any CPU
		{92B03B17-4290-4977-A2B5-545AD7C0D7B1}.Release|Any CPU.ActiveCfg = Release|Any CPU
		{92B03B17-4290-4977-A2B5-545AD7C0D7B1}.Release|Any CPU.Build.0 = Release|Any CPU
		{03A2F15D-F296-4CE7-984E-42820B359A60}.Debug|Any CPU.ActiveCfg = Debug|Any CPU
		{03A2F15D-F296-4CE7-984E-42820B359A60}.Debug|Any CPU.Build.0 = Debug|Any CPU
		{03A2F15D-F296-4CE7-984E-42820B359A60}.Release|Any CPU.ActiveCfg = Release|Any CPU
		{03A2F15D-F296-4CE7-984E-42820B359A60}.Release|Any CPU.Build.0 = Release|Any CPU
		{5F6756B3-FD27-42B5-9D85-565C71A6155A}.Debug|Any CPU.ActiveCfg = Debug|Any CPU
		{5F6756B3-FD27-42B5-9D85-565C71A6155A}.Debug|Any CPU.Build.0 = Debug|Any CPU
		{5F6756B3-FD27-42B5-9D85-565C71A6155A}.Release|Any CPU.ActiveCfg = Release|Any CPU
		{5F6756B3-FD27-42B5-9D85-565C71A6155A}.Release|Any CPU.Build.0 = Release|Any CPU
		{AE82BD4E-06EC-427E-B972-4A011258FB08}.Debug|Any CPU.ActiveCfg = Debug|Any CPU
		{AE82BD4E-06EC-427E-B972-4A011258FB08}.Debug|Any CPU.Build.0 = Debug|Any CPU
		{AE82BD4E-06EC-427E-B972-4A011258FB08}.Release|Any CPU.ActiveCfg = Release|Any CPU
		{AE82BD4E-06EC-427E-B972-4A011258FB08}.Release|Any CPU.Build.0 = Release|Any CPU
		{24020A39-C7CF-4DDA-A8AB-7FC6F7758340}.Debug|Any CPU.ActiveCfg = Debug|Any CPU
		{24020A39-C7CF-4DDA-A8AB-7FC6F7758340}.Debug|Any CPU.Build.0 = Debug|Any CPU
		{24020A39-C7CF-4DDA-A8AB-7FC6F7758340}.Release|Any CPU.ActiveCfg = Release|Any CPU
		{24020A39-C7CF-4DDA-A8AB-7FC6F7758340}.Release|Any CPU.Build.0 = Release|Any CPU
		{E67B9644-8AF7-47F8-BE09-06B35258C59E}.Debug|Any CPU.ActiveCfg = Debug|Any CPU
		{E67B9644-8AF7-47F8-BE09-06B35258C59E}.Debug|Any CPU.Build.0 = Debug|Any CPU
		{E67B9644-8AF7-47F8-BE09-06B35258C59E}.Release|Any CPU.ActiveCfg = Release|Any CPU
		{E67B9644-8AF7-47F8-BE09-06B35258C59E}.Release|Any CPU.Build.0 = Release|Any CPU
		{9D61FB08-E1A3-4DA8-A21A-A86CCBB37CF2}.Debug|Any CPU.ActiveCfg = Debug|Any CPU
		{9D61FB08-E1A3-4DA8-A21A-A86CCBB37CF2}.Debug|Any CPU.Build.0 = Debug|Any CPU
		{9D61FB08-E1A3-4DA8-A21A-A86CCBB37CF2}.Release|Any CPU.ActiveCfg = Release|Any CPU
		{9D61FB08-E1A3-4DA8-A21A-A86CCBB37CF2}.Release|Any CPU.Build.0 = Release|Any CPU
	EndGlobalSection
	GlobalSection(SolutionProperties) = preSolution
		HideSolutionNode = FALSE
	EndGlobalSection
	GlobalSection(NestedProjects) = preSolution
		{2D9F5A5D-FF85-4113-A03C-4AE80B0EE301} = {46FA1DC8-EDD0-4CC8-A9C8-85E8C5DF6A4F}
		{5437A966-F353-4B62-BB58-80D990259864} = {2D9F5A5D-FF85-4113-A03C-4AE80B0EE301}
		{FDF3C462-9C76-4DA8-9B60-0354E7B429EB} = {46FA1DC8-EDD0-4CC8-A9C8-85E8C5DF6A4F}
		{1A4CA1F1-6EA6-4393-B2AF-79867E962A71} = {FDF3C462-9C76-4DA8-9B60-0354E7B429EB}
		{B6F37E63-3EBC-4B98-A475-9020E8A0F489} = {46FA1DC8-EDD0-4CC8-A9C8-85E8C5DF6A4F}
		{13910CAB-640B-4FE9-9C63-4C38A70B8873} = {B6F37E63-3EBC-4B98-A475-9020E8A0F489}
		{5526A75A-332C-40BE-A215-EED411E440EC} = {B6F37E63-3EBC-4B98-A475-9020E8A0F489}
		{0F06BC9C-F69F-4FC2-978C-317E3E154D5C} = {B6F37E63-3EBC-4B98-A475-9020E8A0F489}
		{9F7D8CE9-269B-430B-BE6D-E91968154FB1} = {13910CAB-640B-4FE9-9C63-4C38A70B8873}
		{060170E2-CAAF-4122-B55A-F0E94B542E5F} = {13910CAB-640B-4FE9-9C63-4C38A70B8873}
		{E3224264-BCC2-47E8-BDE9-E195D343D24F} = {5526A75A-332C-40BE-A215-EED411E440EC}
		{032A8FA9-48F1-4C03-9F58-BEE6139F5EA0} = {0F06BC9C-F69F-4FC2-978C-317E3E154D5C}
		{64C7197A-3373-4CB9-9EE3-8BD6D3027C6F} = {E9C3C40F-A694-4BDF-9001-84709C3AC637}
		{9EC689F6-64C4-4420-BC70-E9790F499802} = {46FA1DC8-EDD0-4CC8-A9C8-85E8C5DF6A4F}
		{ABBA2DEE-A4BB-452A-9B99-919E6FBB7E93} = {9EC689F6-64C4-4420-BC70-E9790F499802}
		{1810AF5D-26F9-41CD-8773-492BAC633A1B} = {9EC689F6-64C4-4420-BC70-E9790F499802}
		{1BFCE103-4BD1-4C9F-8A32-17AAACE52543} = {9EC689F6-64C4-4420-BC70-E9790F499802}
		{39F7DD2E-1AC1-4B77-87AF-34AF5943C130} = {9EC689F6-64C4-4420-BC70-E9790F499802}
		{D2A8C7B7-26E6-4F82-B7E1-99D7A1D632F9} = {9EC689F6-64C4-4420-BC70-E9790F499802}
		{469008F3-B7E8-49BF-9E04-5BC4CEF25397} = {46FA1DC8-EDD0-4CC8-A9C8-85E8C5DF6A4F}
		{46631DA7-1923-4F35-A166-97589371D68F} = {469008F3-B7E8-49BF-9E04-5BC4CEF25397}
		{92B03B17-4290-4977-A2B5-545AD7C0D7B1} = {1E746638-EC2A-4BB5-80D7-44F0A358D373}
		{03A2F15D-F296-4CE7-984E-42820B359A60} = {1E746638-EC2A-4BB5-80D7-44F0A358D373}
		{11DAD801-9BFC-45D7-A834-B9D4CEBCFD0D} = {46FA1DC8-EDD0-4CC8-A9C8-85E8C5DF6A4F}
		{5F6756B3-FD27-42B5-9D85-565C71A6155A} = {11DAD801-9BFC-45D7-A834-B9D4CEBCFD0D}
		{AE82BD4E-06EC-427E-B972-4A011258FB08} = {8B1BB27E-D8AB-4082-A894-E6CC701569BD}
		{297FA562-3700-44B4-9E66-628A7406A8F8} = {46FA1DC8-EDD0-4CC8-A9C8-85E8C5DF6A4F}
		{24020A39-C7CF-4DDA-A8AB-7FC6F7758340} = {297FA562-3700-44B4-9E66-628A7406A8F8}
		{09D2764C-61F9-4973-89A9-8EAD5DBE3D08} = {46FA1DC8-EDD0-4CC8-A9C8-85E8C5DF6A4F}
		{E67B9644-8AF7-47F8-BE09-06B35258C59E} = {09D2764C-61F9-4973-89A9-8EAD5DBE3D08}
		{1C4347DE-1AC6-4D31-B6E7-E1A06B905F5B} = {46FA1DC8-EDD0-4CC8-A9C8-85E8C5DF6A4F}
		{9D61FB08-E1A3-4DA8-A21A-A86CCBB37CF2} = {1C4347DE-1AC6-4D31-B6E7-E1A06B905F5B}
	EndGlobalSection
EndGlobal
