
Microsoft Visual Studio Solution File, Format Version 12.00
# Visual Studio Version 17
VisualStudioVersion = 17.12.35514.174
MinimumVisualStudioVersion = 10.0.40219.1
Project("{2150E333-8FDC-42A3-9474-1A3956D46DE8}") = "Services", "Services", "{46FA1DC8-EDD0-4CC8-A9C8-85E8C5DF6A4F}"
EndProject
Project("{2150E333-8FDC-42A3-9474-1A3956D46DE8}") = "Catalog", "Catalog", "{2D9F5A5D-FF85-4113-A03C-4AE80B0EE301}"
EndProject
Project("{FAE04EC0-301F-11D3-BF4B-00C04F79EFBC}") = "MultiShop.Catalog", "Services\Catalog\MultiShop.Catalog\MultiShop.Catalog.csproj", "{5437A966-F353-4B62-BB58-80D990259864}"
EndProject
Project("{2150E333-8FDC-42A3-9474-1A3956D46DE8}") = "Discount", "Discount", "{FDF3C462-9C76-4DA8-9B60-0354E7B429EB}"
EndProject
Project("{FAE04EC0-301F-11D3-BF4B-00C04F79EFBC}") = "MultiShop.Discount", "Services\Discount\MultiShop.Discount\MultiShop.Discount.csproj", "{1A4CA1F1-6EA6-4393-B2AF-79867E962A71}"
EndProject
Project("{2150E333-8FDC-42A3-9474-1A3956D46DE8}") = "Order", "Order", "{B6F37E63-3EBC-4B98-A475-9020E8A0F489}"
EndProject
Project("{2150E333-8FDC-42A3-9474-1A3956D46DE8}") = "Core", "Core", "{13910CAB-640B-4FE9-9C63-4C38A70B8873}"
EndProject
Project("{2150E333-8FDC-42A3-9474-1A3956D46DE8}") = "Infrastructure", "Infrastructure", "{5526A75A-332C-40BE-A215-EED411E440EC}"
EndProject
Project("{2150E333-8FDC-42A3-9474-1A3956D46DE8}") = "Presentation", "Presentation", "{0F06BC9C-F69F-4FC2-978C-317E3E154D5C}"
EndProject
Project("{FAE04EC0-301F-11D3-BF4B-00C04F79EFBC}") = "MultiShop.Order.Domain", "Services\Order\Core\MultiShop.Order.Domain\MultiShop.Order.Domain.csproj", "{9F7D8CE9-269B-430B-BE6D-E91968154FB1}"
EndProject
Project("{FAE04EC0-301F-11D3-BF4B-00C04F79EFBC}") = "MultiShop.Order.Application", "Services\Order\Core\MultiShop.Order.Application\MultiShop.Order.Application.csproj", "{060170E2-CAAF-4122-B55A-F0E94B542E5F}"
EndProject
Project("{FAE04EC0-301F-11D3-BF4B-00C04F79EFBC}") = "MultiShop.Order.Persistence", "Services\Order\Infrastructure\MultiShop.Order.Persistence\MultiShop.Order.Persistence.csproj", "{E3224264-BCC2-47E8-BDE9-E195D343D24F}"
EndProject
Project("{FAE04EC0-301F-11D3-BF4B-00C04F79EFBC}") = "MultiShop.Order.WebApi", "Services\Order\Presentation\MultiShop.Order.WebApi\MultiShop.Order.WebApi.csproj", "{032A8FA9-48F1-4C03-9F58-BEE6139F5EA0}"
EndProject
Project("{2150E333-8FDC-42A3-9474-1A3956D46DE8}") = "IdentityServer", "IdentityServer", "{E9C3C40F-A694-4BDF-9001-84709C3AC637}"
EndProject
Project("{FAE04EC0-301F-11D3-BF4B-00C04F79EFBC}") = "MultiShop.IdentityServer", "IdentityServer\MultiShop.IdentityServer\MultiShop.IdentityServer.csproj", "{64C7197A-3373-4CB9-9EE3-8BD6D3027C6F}"
EndProject
Project("{2150E333-8FDC-42A3-9474-1A3956D46DE8}") = "Requirements", "Requirements", "{CEC59680-5FE4-4286-8929-543E68403A90}"
	ProjectSection(SolutionItems) = preProject
		IdentityServerVersionErrorSolution.txt = IdentityServerVersionErrorSolution.txt
		PortainerCmd.txt = PortainerCmd.txt
	EndProjectSection
EndProject
Global
	GlobalSection(SolutionConfigurationPlatforms) = preSolution
		Debug|Any CPU = Debug|Any CPU
		Release|Any CPU = Release|Any CPU
	EndGlobalSection
	GlobalSection(ProjectConfigurationPlatforms) = postSolution
		{5437A966-F353-4B62-BB58-80D990259864}.Debug|Any CPU.ActiveCfg = Debug|Any CPU
		{5437A966-F353-4B62-BB58-80D990259864}.Debug|Any CPU.Build.0 = Debug|Any CPU
		{5437A966-F353-4B62-BB58-80D990259864}.Release|Any CPU.ActiveCfg = Release|Any CPU
		{5437A966-F353-4B62-BB58-80D990259864}.Release|Any CPU.Build.0 = Release|Any CPU
		{1A4CA1F1-6EA6-4393-B2AF-79867E962A71}.Debug|Any CPU.ActiveCfg = Debug|Any CPU
		{1A4CA1F1-6EA6-4393-B2AF-79867E962A71}.Debug|Any CPU.Build.0 = Debug|Any CPU
		{1A4CA1F1-6EA6-4393-B2AF-79867E962A71}.Release|Any CPU.ActiveCfg = Release|Any CPU
		{1A4CA1F1-6EA6-4393-B2AF-79867E962A71}.Release|Any CPU.Build.0 = Release|Any CPU
		{9F7D8CE9-269B-430B-BE6D-E91968154FB1}.Debug|Any CPU.ActiveCfg = Debug|Any CPU
		{9F7D8CE9-269B-430B-BE6D-E91968154FB1}.Debug|Any CPU.Build.0 = Debug|Any CPU
		{9F7D8CE9-269B-430B-BE6D-E91968154FB1}.Release|Any CPU.ActiveCfg = Release|Any CPU
		{9F7D8CE9-269B-430B-BE6D-E91968154FB1}.Release|Any CPU.Build.0 = Release|Any CPU
		{060170E2-CAAF-4122-B55A-F0E94B542E5F}.Debug|Any CPU.ActiveCfg = Debug|Any CPU
		{060170E2-CAAF-4122-B55A-F0E94B542E5F}.Debug|Any CPU.Build.0 = Debug|Any CPU
		{060170E2-CAAF-4122-B55A-F0E94B542E5F}.Release|Any CPU.ActiveCfg = Release|Any CPU
		{060170E2-CAAF-4122-B55A-F0E94B542E5F}.Release|Any CPU.Build.0 = Release|Any CPU
		{E3224264-BCC2-47E8-BDE9-E195D343D24F}.Debug|Any CPU.ActiveCfg = Debug|Any CPU
		{E3224264-BCC2-47E8-BDE9-E195D343D24F}.Debug|Any CPU.Build.0 = Debug|Any CPU
		{E3224264-BCC2-47E8-BDE9-E195D343D24F}.Release|Any CPU.ActiveCfg = Release|Any CPU
		{E3224264-BCC2-47E8-BDE9-E195D343D24F}.Release|Any CPU.Build.0 = Release|Any CPU
		{032A8FA9-48F1-4C03-9F58-BEE6139F5EA0}.Debug|Any CPU.ActiveCfg = Debug|Any CPU
		{032A8FA9-48F1-4C03-9F58-BEE6139F5EA0}.Debug|Any CPU.Build.0 = Debug|Any CPU
		{032A8FA9-48F1-4C03-9F58-BEE6139F5EA0}.Release|Any CPU.ActiveCfg = Release|Any CPU
		{032A8FA9-48F1-4C03-9F58-BEE6139F5EA0}.Release|Any CPU.Build.0 = Release|Any CPU
		{64C7197A-3373-4CB9-9EE3-8BD6D3027C6F}.Debug|Any CPU.ActiveCfg = Debug|Any CPU
		{64C7197A-3373-4CB9-9EE3-8BD6D3027C6F}.Debug|Any CPU.Build.0 = Debug|Any CPU
		{64C7197A-3373-4CB9-9EE3-8BD6D3027C6F}.Release|Any CPU.ActiveCfg = Release|Any CPU
		{64C7197A-3373-4CB9-9EE3-8BD6D3027C6F}.Release|Any CPU.Build.0 = Release|Any CPU
	EndGlobalSection
	GlobalSection(SolutionProperties) = preSolution
		HideSolutionNode = FALSE
	EndGlobalSection
	GlobalSection(NestedProjects) = preSolution
		{2D9F5A5D-FF85-4113-A03C-4AE80B0EE301} = {46FA1DC8-EDD0-4CC8-A9C8-85E8C5DF6A4F}
		{5437A966-F353-4B62-BB58-80D990259864} = {2D9F5A5D-FF85-4113-A03C-4AE80B0EE301}
		{FDF3C462-9C76-4DA8-9B60-0354E7B429EB} = {46FA1DC8-EDD0-4CC8-A9C8-85E8C5DF6A4F}
		{1A4CA1F1-6EA6-4393-B2AF-79867E962A71} = {FDF3C462-9C76-4DA8-9B60-0354E7B429EB}
		{B6F37E63-3EBC-4B98-A475-9020E8A0F489} = {46FA1DC8-EDD0-4CC8-A9C8-85E8C5DF6A4F}
		{13910CAB-640B-4FE9-9C63-4C38A70B8873} = {B6F37E63-3EBC-4B98-A475-9020E8A0F489}
		{5526A75A-332C-40BE-A215-EED411E440EC} = {B6F37E63-3EBC-4B98-A475-9020E8A0F489}
		{0F06BC9C-F69F-4FC2-978C-317E3E154D5C} = {B6F37E63-3EBC-4B98-A475-9020E8A0F489}
		{9F7D8CE9-269B-430B-BE6D-E91968154FB1} = {13910CAB-640B-4FE9-9C63-4C38A70B8873}
		{060170E2-CAAF-4122-B55A-F0E94B542E5F} = {13910CAB-640B-4FE9-9C63-4C38A70B8873}
		{E3224264-BCC2-47E8-BDE9-E195D343D24F} = {5526A75A-332C-40BE-A215-EED411E440EC}
		{032A8FA9-48F1-4C03-9F58-BEE6139F5EA0} = {0F06BC9C-F69F-4FC2-978C-317E3E154D5C}
		{64C7197A-3373-4CB9-9EE3-8BD6D3027C6F} = {E9C3C40F-A694-4BDF-9001-84709C3AC637}
	EndGlobalSection
EndGlobal
